
Microsoft Visual Studio Solution File, Format Version 12.00
# Visual Studio Version 17
VisualStudioVersion = 17.5.33516.290
MinimumVisualStudioVersion = 10.0.40219.1
Project("{FAE04EC0-301F-11D3-BF4B-00C04F79EFBC}") = "ospVermSuite", "ospVermSuite\ospVermSuite.csproj", "{BF0FECF7-0183-4820-A761-99EBD4B20157}"
EndProject
Global
	GlobalSection(SolutionConfigurationPlatforms) = preSolution
		Debug|Any CPU = Debug|Any CPU
		Release|Any CPU = Release|Any CPU
	EndGlobalSection
	GlobalSection(ProjectConfigurationPlatforms) = postSolution
		{BF0FECF7-0183-4820-A761-99EBD4B20157}.Debug|Any CPU.ActiveCfg = Debug|Any CPU
		{BF0FECF7-0183-4820-A761-99EBD4B20157}.Debug|Any CPU.Build.0 = Debug|Any CPU
		{BF0FECF7-0183-4820-A761-99EBD4B20157}.Release|Any CPU.ActiveCfg = Release|Any CPU
		{BF0FECF7-0183-4820-A761-99EBD4B20157}.Release|Any CPU.Build.0 = Release|Any CPU
	EndGlobalSection
	GlobalSection(SolutionProperties) = preSolution
		HideSolutionNode = FALSE
	EndGlobalSection
	GlobalSection(ExtensibilityGlobals) = postSolution
		SolutionGuid = {C59A5063-B2B5-48E5-A1CE-C2D3B307817C}
	EndGlobalSection
EndGlobal
